{
    "_readme": [
        "This file locks the dependencies of your project to a known state",
        "Read more about it at http://getcomposer.org/doc/01-basic-usage.md#composer-lock-the-lock-file"
    ],
    "hash": "0dab8c399ebc1d4092a3726d122b792f",
    "packages": [
        {
            "name": "crodas/activemongo2",
            "version": "dev-develop",
            "source": {
                "type": "git",
                "url": "https://github.com/crodas/ActiveMongo2.git",
                "reference": "8c7964cc52f56ea3af83d0c23227f113c2edc115"
            },
            "dist": {
                "type": "zip",
                "url": "https://api.github.com/repos/crodas/ActiveMongo2/zipball/8c7964cc52f56ea3af83d0c23227f113c2edc115",
                "reference": "8c7964cc52f56ea3af83d0c23227f113c2edc115",
                "shasum": ""
            },
            "require": {
                "crodas/cli": "~0.1",
                "crodas/notoj": "~0.1",
                "crodas/path": "~0.1",
                "crodas/simple-view-engine": "~0.1",
                "crodas/watch-files": "~0.1"
            },
            "type": "library",
            "autoload": {
                "psr-0": {
                    "ActiveMongo2": "lib/"
                }
            },
            "notification-url": "https://packagist.org/downloads/",
            "license": [
                "BSD-4-Clause"
            ],
            "authors": [
                {
                    "name": "César D. Rodas",
                    "email": "crodas@php.net"
                }
            ],
            "description": "Mongo abstraction",
            "time": "2013-11-25 09:11:36"
        },
        {
            "name": "crodas/artifex",
            "version": "0.5.6",
            "source": {
                "type": "git",
                "url": "https://github.com/crodas/Artifex.git",
                "reference": "5990f8327f3825ff08d0bc305eadd4bb97c42cab"
            },
            "dist": {
                "type": "zip",
                "url": "https://api.github.com/repos/crodas/Artifex/zipball/5990f8327f3825ff08d0bc305eadd4bb97c42cab",
                "reference": "5990f8327f3825ff08d0bc305eadd4bb97c42cab",
                "shasum": ""
            },
            "require": {
                "php": ">=5.3.0"
            },
            "type": "library",
            "autoload": {
                "psr-0": {
                    "Artifex": "lib/"
                },
                "classmap": [
                    "lib/Artifex.php"
                ]
            },
            "notification-url": "https://packagist.org/downloads/",
            "authors": [
                {
                    "name": "César D. Rodas",
                    "email": "crodas@php.net"
                }
            ],
            "description": "Macros on steroids. The easiest way of generating code.",
            "time": "2013-10-28 01:17:54"
        },
        {
            "name": "crodas/autoloader",
            "version": "v0.1.6",
            "source": {
                "type": "git",
                "url": "https://github.com/crodas/Autoloader.git",
                "reference": "5c915ca3a1668c32f5393f95d04174d3b36bde38"
            },
            "dist": {
                "type": "zip",
                "url": "https://api.github.com/repos/crodas/Autoloader/zipball/5c915ca3a1668c32f5393f95d04174d3b36bde38",
                "reference": "5c915ca3a1668c32f5393f95d04174d3b36bde38",
                "shasum": ""
            },
            "require": {
                "crodas/artifex": "~0.1",
                "crodas/class-info": "~0.1",
                "crodas/path": "~0.1",
                "php": ">=5.3.0",
                "symfony/console": "2.1.*",
                "symfony/finder": "2.1.*"
            },
            "type": "library",
            "autoload": {
                "psr-0": {
                    "Autoloader": "lib/"
                }
            },
            "notification-url": "https://packagist.org/downloads/",
            "license": [
                "BSD-4-Clause"
            ],
            "authors": [
                {
                    "name": "César D. Rodas",
                    "email": "crodas@php.net"
                }
            ],
            "description": "Best autoloader from out there",
            "time": "2013-11-02 06:24:07"
        },
        {
            "name": "crodas/class-info",
            "version": "v0.1.6",
            "source": {
                "type": "git",
                "url": "https://github.com/crodas/ClassInfo.git",
                "reference": "1c1e9c5f2fda39dca06009991f1d995d7a069275"
            },
            "dist": {
                "type": "zip",
                "url": "https://api.github.com/repos/crodas/ClassInfo/zipball/1c1e9c5f2fda39dca06009991f1d995d7a069275",
                "reference": "1c1e9c5f2fda39dca06009991f1d995d7a069275",
                "shasum": ""
            },
            "type": "library",
            "autoload": {
                "psr-0": {
                    "crodas": "lib/"
                }
            },
            "notification-url": "https://packagist.org/downloads/",
            "license": [
                "BSD-4-Clause"
            ],
            "authors": [
                {
                    "name": "César D. Rodas",
                    "email": "crodas@php.net"
                }
            ],
            "description": "Get classes and functions defined in a given file",
            "time": "2013-11-15 09:33:07"
        },
        {
            "name": "crodas/cli",
            "version": "v0.1.0",
            "source": {
                "type": "git",
                "url": "https://github.com/crodas/cli.git",
                "reference": "e1b426e280b94c82664cc5d1e97491b8ba2be926"
            },
            "dist": {
                "type": "zip",
                "url": "https://api.github.com/repos/crodas/cli/zipball/e1b426e280b94c82664cc5d1e97491b8ba2be926",
                "reference": "e1b426e280b94c82664cc5d1e97491b8ba2be926",
                "shasum": ""
            },
            "require": {
                "crodas/notoj": "*",
                "symfony/console": "*"
            },
            "type": "library",
            "autoload": {
                "psr-0": {
                    "crodas": "lib/"
                }
            },
            "notification-url": "https://packagist.org/downloads/",
            "license": [
                "BSD-4-Clause"
            ],
            "authors": [
                {
                    "name": "César D. Rodas",
                    "email": "crodas@php.net"
                }
            ],
            "description": "Simple and silly abstraction on top of symfony/console",
            "time": "2013-11-16 03:53:28"
        },
        {
            "name": "crodas/dispatcher",
            "version": "v0.1.12",
            "source": {
                "type": "git",
                "url": "https://github.com/crodas/Dispatcher.git",
                "reference": "bc07f4c82cccecdee1047fc4275827469af4667c"
            },
            "dist": {
                "type": "zip",
                "url": "https://api.github.com/repos/crodas/Dispatcher/zipball/bc07f4c82cccecdee1047fc4275827469af4667c",
                "reference": "bc07f4c82cccecdee1047fc4275827469af4667c",
                "shasum": ""
            },
            "require": {
                "crodas/artifex": "~0.1",
                "crodas/notoj": "~0.1",
                "crodas/path": "~0.1",
                "crodas/simple-view-engine": "~0.1",
                "crodas/watch-files": "~0.1",
                "symfony/console": "*"
            },
            "type": "library",
            "autoload": {
                "psr-0": {
                    "Dispatcher": "lib/"
                }
            },
            "notification-url": "https://packagist.org/downloads/",
            "license": [
                "BSD-4-Clause"
            ],
            "authors": [
                {
                    "name": "César D. Rodas",
                    "email": "crodas@php.net"
                }
            ],
            "description": "Dispatcher generator",
            "time": "2013-11-02 07:13:49"
        },
        {
            "name": "crodas/languagedetector",
            "version": "v0.1.1",
            "source": {
                "type": "git",
                "url": "https://github.com/crodas/LanguageDetector.git",
                "reference": "07aa8bb806cb71fe4e4352c12232a5c74bf416ed"
            },
            "dist": {
                "type": "zip",
                "url": "https://api.github.com/repos/crodas/LanguageDetector/zipball/07aa8bb806cb71fe4e4352c12232a5c74bf416ed",
                "reference": "07aa8bb806cb71fe4e4352c12232a5c74bf416ed",
                "shasum": ""
            },
            "require-dev": {
                "crodas/autoloader": "~0.1"
            },
            "type": "library",
            "autoload": {
                "psr-0": {
                    "LanguageDetector": "lib/"
                }
            },
            "notification-url": "https://packagist.org/downloads/",
            "license": [
                "BSD-4-Clause"
            ],
            "authors": [
                {
                    "name": "César D. Rodas",
                    "email": "crodas@php.net"
                }
            ],
            "description": "simple library to classify texts",
            "time": "2013-11-06 01:26:03"
        },
        {
            "name": "crodas/notoj",
            "version": "v0.1.9",
            "source": {
                "type": "git",
                "url": "https://github.com/crodas/Notoj.git",
                "reference": "144af70634b99bf869831094b37a54e7ab1bf9bc"
            },
            "dist": {
                "type": "zip",
                "url": "https://api.github.com/repos/crodas/Notoj/zipball/144af70634b99bf869831094b37a54e7ab1bf9bc",
                "reference": "144af70634b99bf869831094b37a54e7ab1bf9bc",
                "shasum": ""
            },
            "require": {
                "crodas/class-info": "~0.1",
                "php": ">=5.3.0"
            },
            "type": "library",
            "autoload": {
                "psr-0": {
                    "Notoj": "lib/"
                }
            },
            "notification-url": "https://packagist.org/downloads/",
            "license": [
                "BSD-4-Clause"
            ],
            "authors": [
                {
                    "name": "César D. Rodas",
                    "email": "crodas@php.net"
                }
            ],
            "description": "Annotation parser. Uses reflection and provides cache out of the box.",
            "time": "2013-11-15 18:49:28"
        },
        {
            "name": "crodas/path",
            "version": "v0.1.5",
            "source": {
                "type": "git",
                "url": "https://github.com/crodas/Path.git",
                "reference": "15ef24c4b2b81d8e5148406012af0a633126b3d5"
            },
            "dist": {
                "type": "zip",
                "url": "https://api.github.com/repos/crodas/Path/zipball/15ef24c4b2b81d8e5148406012af0a633126b3d5",
                "reference": "15ef24c4b2b81d8e5148406012af0a633126b3d5",
                "shasum": ""
            },
            "type": "library",
            "autoload": {
                "psr-0": {
                    "crodas": "lib/"
                }
            },
            "notification-url": "https://packagist.org/downloads/",
            "license": [
                "BSD-4-Clause"
            ],
            "authors": [
                {
                    "name": "César D. Rodas",
                    "email": "crodas@php.net"
                }
            ],
            "description": "Library to manipulate paths",
            "time": "2013-10-23 16:48:11"
        },
        {
            "name": "crodas/service-provider",
            "version": "v0.1.7",
            "source": {
                "type": "git",
                "url": "https://github.com/crodas/ServiceProvider.git",
                "reference": "80b9560aeace3b78923e64b65ed263e7e4b2dc77"
            },
            "dist": {
                "type": "zip",
                "url": "https://api.github.com/repos/crodas/ServiceProvider/zipball/80b9560aeace3b78923e64b65ed263e7e4b2dc77",
                "reference": "80b9560aeace3b78923e64b65ed263e7e4b2dc77",
                "shasum": ""
            },
            "require": {
                "crodas/artifex": "~0.1",
                "crodas/notoj": "~0.1",
                "crodas/path": "~0.1",
                "crodas/watch-files": "~0.1",
                "seld/jsonlint": "*",
                "symfony/yaml": "*"
            },
            "type": "library",
            "autoload": {
                "psr-0": {
                    "ServiceProvider": "lib/"
                }
            },
            "notification-url": "https://packagist.org/downloads/",
            "license": [
                "BSD-4-Clause"
            ],
            "authors": [
                {
                    "name": "César D. Rodas",
                    "email": "crodas@php.net"
                }
            ],
            "description": "Little configuration manager and dependency injection",
            "time": "2013-11-02 05:42:10"
        },
        {
            "name": "crodas/simple-view-engine",
            "version": "v0.1.11",
            "source": {
                "type": "git",
                "url": "https://github.com/crodas/SimpleView.git",
                "reference": "c68dcccc2e39039b202fe1a8c3c996ee2844391e"
            },
            "dist": {
                "type": "zip",
                "url": "https://api.github.com/repos/crodas/SimpleView/zipball/c68dcccc2e39039b202fe1a8c3c996ee2844391e",
                "reference": "c68dcccc2e39039b202fe1a8c3c996ee2844391e",
                "shasum": ""
            },
            "require": {
                "crodas/watch-files": "*",
                "symfony/console": "*",
                "symfony/finder": "*"
            },
            "type": "library",
            "autoload": {
                "classmap": [
                    "lib/"
                ]
            },
            "notification-url": "https://packagist.org/downloads/",
            "license": [
                "BSD-4-Clause"
            ],
            "authors": [
                {
                    "name": "César D. Rodas",
                    "email": "crodas@php.net"
                }
            ],
            "description": "Simple View engine designed to generate code. Based on Laravel's 4 Blade.",
            "time": "2013-11-01 05:18:28"
        },
        {
            "name": "crodas/sitemap-generator",
            "version": "dev-master",
            "source": {
                "type": "git",
                "url": "https://github.com/crodas/SitemapGenerator.git",
                "reference": "ba6a2ece905a2c75ff10a9aa7056d0b13db40c2e"
            },
            "dist": {
                "type": "zip",
                "url": "https://api.github.com/repos/crodas/SitemapGenerator/zipball/ba6a2ece905a2c75ff10a9aa7056d0b13db40c2e",
                "reference": "ba6a2ece905a2c75ff10a9aa7056d0b13db40c2e",
                "shasum": ""
            },
            "require": {
                "crodas/cli": "*"
            },
            "require-dev": {
                "crodas/simple-view-engine": "*"
            },
            "type": "library",
            "autoload": {
                "psr-0": {
                    "crodas": "lib/"
                }
            },
            "notification-url": "https://packagist.org/downloads/",
            "authors": [
                {
                    "name": "César D. Rodas",
                    "email": "crodas@php.net"
                }
            ],
            "description": "Generate static sitemap to server statically",
            "time": "2013-11-26 04:51:13"
        },
        {
            "name": "crodas/text-rank",
            "version": "dev-master",
            "source": {
                "type": "git",
                "url": "https://github.com/crodas/TextRank.git",
                "reference": "e56cb749db7fb80c918653a1c55826970998f1b4"
            },
            "dist": {
                "type": "zip",
                "url": "https://api.github.com/repos/crodas/TextRank/zipball/e56cb749db7fb80c918653a1c55826970998f1b4",
                "reference": "e56cb749db7fb80c918653a1c55826970998f1b4",
                "shasum": ""
            },
            "require": {
                "crodas/languagedetector": "~0.1",
                "ext-mbstring": "*"
            },
            "suggest": {
                "ext-stem": "Improves keywords selection"
            },
            "type": "library",
            "autoload": {
                "classmap": [
                    "lib/"
                ]
            },
            "notification-url": "https://packagist.org/downloads/",
            "authors": [
                {
                    "name": "César D. Rodas",
                    "email": "crodas@php.net"
                }
            ],
            "description": "Extract relevant keywords from a given text",
            "time": "2013-11-16 09:04:33"
        },
        {
            "name": "crodas/tiny-form",
            "version": "dev-master",
            "source": {
                "type": "git",
                "url": "https://github.com/crodas/TinyForm.git",
                "reference": "b3ac3b5e3a8da0680fafa6c6e02b6b830c3101fb"
            },
            "dist": {
                "type": "zip",
                "url": "https://api.github.com/repos/crodas/TinyForm/zipball/b3ac3b5e3a8da0680fafa6c6e02b6b830c3101fb",
                "reference": "b3ac3b5e3a8da0680fafa6c6e02b6b830c3101fb",
                "shasum": ""
            },
            "require": {
                "crodas/validator": "*"
            },
            "require-dev": {
                "crodas/simple-view-engine": "~0.1"
            },
            "type": "library",
            "autoload": {
                "psr-0": {
                    "crodas": "lib/"
                }
            },
            "notification-url": "https://packagist.org/downloads/",
            "license": [
                "BSD"
            ],
            "authors": [
                {
                    "name": "César D. Rodas",
                    "email": "crodas@php.net"
                }
            ],
            "description": "Tiny library to render forms",
            "time": "2013-11-15 05:58:43"
        },
        {
            "name": "crodas/validator",
            "version": "dev-master",
            "source": {
                "type": "git",
                "url": "https://github.com/crodas/Validator.git",
                "reference": "81a44326ea8710b6357538cd8f6767923c8e3ae0"
            },
            "dist": {
                "type": "zip",
                "url": "https://api.github.com/repos/crodas/Validator/zipball/81a44326ea8710b6357538cd8f6767923c8e3ae0",
                "reference": "81a44326ea8710b6357538cd8f6767923c8e3ae0",
                "shasum": ""
            },
            "require": {
                "crodas/notoj": "~0.1",
                "crodas/path": "*",
                "crodas/simple-view-engine": "*",
                "crodas/watch-files": "*"
            },
            "type": "library",
            "autoload": {
                "psr-0": {
                    "crodas": "lib/"
                }
            },
            "notification-url": "https://packagist.org/downloads/",
            "license": [
                "BSD-4-Clause"
            ],
            "authors": [
                {
                    "name": "César D. Rodas",
                    "email": "crodas@php.net"
                }
            ],
            "description": "Validation library",
            "time": "2013-10-25 02:32:21"
        },
        {
            "name": "crodas/watch-files",
            "version": "v0.1.4",
            "source": {
                "type": "git",
                "url": "https://github.com/crodas/WatchFiles.git",
                "reference": "b045dc0ea74791e815c2f7a0b114474131865892"
            },
            "dist": {
                "type": "zip",
                "url": "https://api.github.com/repos/crodas/WatchFiles/zipball/b045dc0ea74791e815c2f7a0b114474131865892",
                "reference": "b045dc0ea74791e815c2f7a0b114474131865892",
                "shasum": ""
            },
            "require": {
                "crodas/path": "*"
            },
            "type": "library",
            "autoload": {
                "psr-0": {
                    "WatchFiles": "lib/"
                }
            },
            "notification-url": "https://packagist.org/downloads/",
            "license": [
                "BSD-4-Clause"
            ],
            "authors": [
                {
                    "name": "César D. Rodas",
                    "email": "crodas@php.net"
                }
            ],
            "description": "Watch files and directories for changes",
            "time": "2013-11-02 05:36:42"
        },
        {
            "name": "elasticsearch/elasticsearch",
            "version": "dev-master",
            "source": {
                "type": "git",
                "url": "https://github.com/elasticsearch/elasticsearch-php.git",
                "reference": "043e8fbce79afe854b2b38347f6d92bfe45daba5"
            },
            "dist": {
                "type": "zip",
                "url": "https://api.github.com/repos/elasticsearch/elasticsearch-php/zipball/043e8fbce79afe854b2b38347f6d92bfe45daba5",
                "reference": "043e8fbce79afe854b2b38347f6d92bfe45daba5",
                "shasum": ""
            },
            "require": {
                "guzzle/guzzle": "~3.7",
                "monolog/monolog": "~1.5",
                "php": ">=5.3.9",
                "pimple/pimple": "~1.0",
                "psr/log": "~1.0"
            },
            "require-dev": {
                "athletic/athletic": "~0.1",
                "mikey179/vfsstream": "~1.2",
                "mockery/mockery": "dev-master@dev",
                "phpunit/phpunit": "3.7.*",
                "satooshi/php-coveralls": "dev-master",
                "symfony/yaml": "2.4.*@dev"
            },
            "type": "library",
            "autoload": {
                "psr-0": {
                    "Elasticsearch": "src/",
                    "Elasticsearch\\Tests": "tests/",
                    "Elasticsearch\\Benchmarks": "benchmarks/"
                }
            },
            "notification-url": "https://packagist.org/downloads/",
            "license": [
                "Apache 2"
            ],
            "authors": [
                {
                    "name": "Zachary Tong"
                }
            ],
            "description": "PHP Client for Elasticsearch",
            "keywords": [
                "client",
                "elasticsearch",
                "search"
            ],
            "time": "2013-11-21 22:33:04"
        },
        {
            "name": "filp/whoops",
            "version": "1.0.9",
            "source": {
                "type": "git",
                "url": "https://github.com/filp/whoops.git",
                "reference": "6de5a6fbb675c091ee4ee40fd01b2e3df4f200af"
            },
            "dist": {
                "type": "zip",
                "url": "https://api.github.com/repos/filp/whoops/zipball/6de5a6fbb675c091ee4ee40fd01b2e3df4f200af",
                "reference": "6de5a6fbb675c091ee4ee40fd01b2e3df4f200af",
                "shasum": ""
            },
            "require": {
                "php": ">=5.3.0"
            },
            "require-dev": {
                "mockery/mockery": "dev-master",
                "silex/silex": "1.0.*@dev"
            },
            "type": "library",
            "autoload": {
                "psr-0": {
                    "Whoops": "src/"
                }
            },
            "notification-url": "https://packagist.org/downloads/",
            "license": [
                "MIT"
            ],
            "authors": [
                {
                    "name": "Filipe Dobreira",
                    "homepage": "https://github.com/filp",
                    "role": "Developer"
                }
            ],
            "description": "php error handling for cool kids",
            "homepage": "https://github.com/filp/whoops",
            "keywords": [
                "error",
                "exception",
                "handling",
                "library",
                "silex-provider",
                "whoops",
                "zf2"
            ],
            "time": "2013-10-28 22:06:33"
        },
        {
            "name": "guzzle/guzzle",
            "version": "dev-master",
            "source": {
                "type": "git",
                "url": "https://github.com/guzzle/guzzle.git",
                "reference": "bc0d57f10ca5709a06b688e7fa5cb4432bc00804"
            },
            "dist": {
                "type": "zip",
                "url": "https://api.github.com/repos/guzzle/guzzle/zipball/bc0d57f10ca5709a06b688e7fa5cb4432bc00804",
                "reference": "bc0d57f10ca5709a06b688e7fa5cb4432bc00804",
                "shasum": ""
            },
            "require": {
                "ext-curl": "*",
                "php": ">=5.3.3",
                "symfony/event-dispatcher": ">=2.1"
            },
            "replace": {
                "guzzle/batch": "self.version",
                "guzzle/cache": "self.version",
                "guzzle/common": "self.version",
                "guzzle/http": "self.version",
                "guzzle/inflection": "self.version",
                "guzzle/iterator": "self.version",
                "guzzle/log": "self.version",
                "guzzle/parser": "self.version",
                "guzzle/plugin": "self.version",
                "guzzle/plugin-async": "self.version",
                "guzzle/plugin-backoff": "self.version",
                "guzzle/plugin-cache": "self.version",
                "guzzle/plugin-cookie": "self.version",
                "guzzle/plugin-curlauth": "self.version",
                "guzzle/plugin-error-response": "self.version",
                "guzzle/plugin-history": "self.version",
                "guzzle/plugin-log": "self.version",
                "guzzle/plugin-md5": "self.version",
                "guzzle/plugin-mock": "self.version",
                "guzzle/plugin-oauth": "self.version",
                "guzzle/service": "self.version",
                "guzzle/stream": "self.version"
            },
            "require-dev": {
                "doctrine/cache": "*",
                "monolog/monolog": "1.*",
                "phpunit/phpunit": "3.7.*",
                "psr/log": "1.0.*",
                "symfony/class-loader": "*",
                "zendframework/zend-cache": "2.0.*",
                "zendframework/zend-log": "2.0.*"
            },
            "type": "library",
            "extra": {
                "branch-alias": {
                    "dev-master": "3.7-dev"
                }
            },
            "autoload": {
                "psr-0": {
                    "Guzzle\\Tests": "tests/",
                    "Guzzle": "src/"
                }
            },
            "notification-url": "https://packagist.org/downloads/",
            "license": [
                "MIT"
            ],
            "authors": [
                {
                    "name": "Michael Dowling",
                    "email": "mtdowling@gmail.com",
                    "homepage": "https://github.com/mtdowling"
                },
                {
                    "name": "Guzzle Community",
                    "homepage": "https://github.com/guzzle/guzzle/contributors"
                }
            ],
            "description": "Guzzle is a PHP HTTP client library and framework for building RESTful web service clients",
            "homepage": "http://guzzlephp.org/",
            "keywords": [
                "client",
                "curl",
                "framework",
                "http",
                "http client",
                "rest",
                "web service"
            ],
            "time": "2013-11-22 17:54:40"
        },
        {
            "name": "mobiledetect/mobiledetectlib",
            "version": "2.7.4",
            "source": {
                "type": "git",
                "url": "https://github.com/serbanghita/Mobile-Detect.git",
                "reference": "3b2be1c323d579b36a406d3c54eba5604cea0fd2"
            },
            "dist": {
                "type": "zip",
                "url": "https://api.github.com/repos/serbanghita/Mobile-Detect/zipball/3b2be1c323d579b36a406d3c54eba5604cea0fd2",
                "reference": "3b2be1c323d579b36a406d3c54eba5604cea0fd2",
                "shasum": ""
            },
            "require": {
                "php": ">=5.0.0"
            },
            "require-dev": {
                "phpunit/phpunit": "*"
            },
            "type": "library",
            "autoload": {
                "classmap": [
                    "Mobile_Detect.php"
                ],
                "psr-0": {
                    "Detection": "namespaced/"
                }
            },
            "notification-url": "https://packagist.org/downloads/",
            "license": [
                "MIT"
            ],
            "authors": [
                {
                    "name": "Serban Ghita",
                    "email": "serbanghita@gmail.com",
                    "homepage": "http://ghita.org",
                    "role": "Developer"
                }
            ],
            "description": "Mobile_Detect is a lightweight PHP class for detecting mobile devices. It uses the User-Agent string combined with specific HTTP headers to detect the mobile environment.",
            "homepage": "https://github.com/serbanghita/Mobile-Detect",
            "keywords": [
                "detect mobile devices",
                "mobile",
                "mobile detect",
                "mobile detector",
                "php mobile detect"
            ],
            "time": "2013-11-15 16:23:58"
        },
        {
            "name": "monolog/monolog",
            "version": "dev-master",
            "source": {
                "type": "git",
                "url": "https://github.com/Seldaek/monolog.git",
                "reference": "6f5b3d2a9c63a857d40d200f1bb9f62991c07bf8"
            },
            "dist": {
                "type": "zip",
                "url": "https://api.github.com/repos/Seldaek/monolog/zipball/6f5b3d2a9c63a857d40d200f1bb9f62991c07bf8",
                "reference": "6f5b3d2a9c63a857d40d200f1bb9f62991c07bf8",
                "shasum": ""
            },
            "require": {
                "php": ">=5.3.0",
                "psr/log": "~1.0"
            },
            "require-dev": {
                "aws/aws-sdk-php": "~2.4.8",
                "doctrine/couchdb": "dev-master",
                "mlehner/gelf-php": "1.0.*",
                "phpunit/phpunit": "~3.7.0",
                "raven/raven": "0.5.*",
                "ruflin/elastica": "0.90.*"
            },
            "suggest": {
                "aws/aws-sdk-php": "Allow sending log messages to AWS services like DynamoDB",
                "doctrine/couchdb": "Allow sending log messages to a CouchDB server",
                "ext-amqp": "Allow sending log messages to an AMQP server (1.0+ required)",
                "ext-mongo": "Allow sending log messages to a MongoDB server",
                "mlehner/gelf-php": "Allow sending log messages to a GrayLog2 server",
                "raven/raven": "Allow sending log messages to a Sentry server",
                "ruflin/elastica": "Allow sending log messages to an Elastic Search server"
            },
            "type": "library",
            "extra": {
                "branch-alias": {
                    "dev-master": "1.7.x-dev"
                }
            },
            "autoload": {
                "psr-0": {
                    "Monolog": "src/"
                }
            },
            "notification-url": "https://packagist.org/downloads/",
            "license": [
                "MIT"
            ],
            "authors": [
                {
                    "name": "Jordi Boggiano",
                    "email": "j.boggiano@seld.be",
                    "homepage": "http://seld.be",
                    "role": "Developer"
                }
            ],
            "description": "Sends your logs to files, sockets, inboxes, databases and various web services",
            "homepage": "http://github.com/Seldaek/monolog",
            "keywords": [
                "log",
                "logging",
                "psr-3"
            ],
            "time": "2013-11-25 13:58:14"
        },
        {
            "name": "neitanod/forceutf8",
            "version": "dev-master",
            "source": {
                "type": "git",
                "url": "https://github.com/neitanod/forceutf8.git",
                "reference": "546fe2b8dfd280764a4d7906c9a9b1dc955eb876"
            },
            "dist": {
                "type": "zip",
                "url": "https://api.github.com/repos/neitanod/forceutf8/zipball/546fe2b8dfd280764a4d7906c9a9b1dc955eb876",
                "reference": "546fe2b8dfd280764a4d7906c9a9b1dc955eb876",
                "shasum": ""
            },
            "require": {
                "php": ">=5.2.0"
            },
            "type": "library",
            "autoload": {
                "psr-0": {
                    "ForceUTF8\\": "src/"
                }
            },
            "notification-url": "https://packagist.org/downloads/",
            "description": "PHP Class Encoding featuring popular Encoding::toUTF8() function --formerly known as forceUTF8()-- that fixes mixed encoded strings.",
            "homepage": "https://github.com/neitanod/forceutf8",
            "time": "2013-03-10 08:51:59"
        },
        {
            "name": "pimple/pimple",
            "version": "1.1.x-dev",
            "source": {
                "type": "git",
                "url": "https://github.com/fabpot/Pimple.git",
                "reference": "2019c145fe393923f3441b23f29bbdfaa5c58c4d"
            },
            "dist": {
                "type": "zip",
                "url": "https://api.github.com/repos/fabpot/Pimple/zipball/2019c145fe393923f3441b23f29bbdfaa5c58c4d",
                "reference": "2019c145fe393923f3441b23f29bbdfaa5c58c4d",
                "shasum": ""
            },
            "require": {
                "php": ">=5.3.0"
            },
            "type": "library",
            "extra": {
                "branch-alias": {
                    "dev-master": "1.1.x-dev"
                }
            },
            "autoload": {
                "psr-0": {
                    "Pimple": "lib/"
                }
            },
            "notification-url": "https://packagist.org/downloads/",
            "license": [
                "MIT"
            ],
            "authors": [
                {
                    "name": "Fabien Potencier",
                    "email": "fabien@symfony.com"
                }
            ],
            "description": "Pimple is a simple Dependency Injection Container for PHP 5.3",
            "homepage": "http://pimple.sensiolabs.org",
            "keywords": [
                "container",
                "dependency injection"
            ],
            "time": "2013-11-22 08:30:29"
        },
        {
            "name": "psr/log",
            "version": "dev-master",
            "source": {
                "type": "git",
                "url": "https://github.com/php-fig/log.git",
                "reference": "134145e8d08ddcb9bb8f49a2feb9aa1f2393650c"
            },
            "dist": {
                "type": "zip",
                "url": "https://api.github.com/repos/php-fig/log/zipball/134145e8d08ddcb9bb8f49a2feb9aa1f2393650c",
                "reference": "134145e8d08ddcb9bb8f49a2feb9aa1f2393650c",
                "shasum": ""
            },
            "type": "library",
            "extra": {
                "branch-alias": {
                    "dev-master": "1.0.x-dev"
                }
            },
            "autoload": {
                "psr-0": {
                    "Psr\\Log\\": ""
                }
            },
            "notification-url": "https://packagist.org/downloads/",
            "license": [
                "MIT"
            ],
            "authors": [
                {
                    "name": "PHP-FIG",
                    "homepage": "http://www.php-fig.org/"
                }
            ],
            "description": "Common interface for logging libraries",
            "keywords": [
                "log",
                "psr",
                "psr-3"
            ],
            "time": "2013-11-19 10:21:35"
        },
        {
            "name": "seld/jsonlint",
            "version": "dev-master",
            "source": {
                "type": "git",
                "url": "https://github.com/Seldaek/jsonlint.git",
                "reference": "354f9496736f87a581e5f724e5e76e66d457493e"
            },
            "dist": {
                "type": "zip",
                "url": "https://api.github.com/repos/Seldaek/jsonlint/zipball/354f9496736f87a581e5f724e5e76e66d457493e",
                "reference": "354f9496736f87a581e5f724e5e76e66d457493e",
                "shasum": ""
            },
            "require": {
                "php": ">=5.3.0"
            },
            "bin": [
                "bin/jsonlint"
            ],
            "type": "library",
            "autoload": {
                "psr-0": {
                    "Seld\\JsonLint": "src/"
                }
            },
            "notification-url": "https://packagist.org/downloads/",
            "license": [
                "MIT"
            ],
            "authors": [
                {
                    "name": "Jordi Boggiano",
                    "email": "j.boggiano@seld.be",
                    "homepage": "http://seld.be",
                    "role": "Developer"
                }
            ],
            "description": "JSON Linter",
            "keywords": [
                "json",
                "linter",
                "parser",
                "validator"
            ],
            "time": "2013-11-11 13:15:48"
        },
        {
            "name": "symfony/console",
            "version": "2.1.x-dev",
            "target-dir": "Symfony/Component/Console",
            "source": {
                "type": "git",
                "url": "https://github.com/symfony/Console.git",
                "reference": "a5e96b2363aca8a5400fec3bbcb3201a4b0513fb"
            },
            "dist": {
                "type": "zip",
                "url": "https://api.github.com/repos/symfony/Console/zipball/a5e96b2363aca8a5400fec3bbcb3201a4b0513fb",
                "reference": "a5e96b2363aca8a5400fec3bbcb3201a4b0513fb",
                "shasum": ""
            },
            "require": {
                "php": ">=5.3.3"
            },
            "type": "library",
            "autoload": {
                "psr-0": {
                    "Symfony\\Component\\Console": ""
                }
            },
            "notification-url": "https://packagist.org/downloads/",
            "license": [
                "MIT"
            ],
            "authors": [
                {
                    "name": "Fabien Potencier",
                    "email": "fabien@symfony.com"
                },
                {
                    "name": "Symfony Community",
                    "homepage": "http://symfony.com/contributors"
                }
            ],
            "description": "Symfony Console Component",
            "homepage": "http://symfony.com",
            "time": "2013-06-11 07:34:22"
        },
        {
            "name": "symfony/event-dispatcher",
            "version": "dev-master",
            "target-dir": "Symfony/Component/EventDispatcher",
            "source": {
                "type": "git",
                "url": "https://github.com/symfony/EventDispatcher.git",
                "reference": "07244506ed46ff1914596e13ccc09666ecf7e06d"
            },
            "dist": {
                "type": "zip",
                "url": "https://api.github.com/repos/symfony/EventDispatcher/zipball/07244506ed46ff1914596e13ccc09666ecf7e06d",
                "reference": "07244506ed46ff1914596e13ccc09666ecf7e06d",
                "shasum": ""
            },
            "require": {
                "php": ">=5.3.3"
            },
            "require-dev": {
                "symfony/dependency-injection": "~2.0"
            },
            "suggest": {
                "symfony/dependency-injection": "",
                "symfony/http-kernel": ""
            },
            "type": "library",
            "extra": {
                "branch-alias": {
                    "dev-master": "2.5-dev"
                }
            },
            "autoload": {
                "psr-0": {
                    "Symfony\\Component\\EventDispatcher\\": ""
                }
            },
            "notification-url": "https://packagist.org/downloads/",
            "license": [
                "MIT"
            ],
            "authors": [
                {
                    "name": "Fabien Potencier",
                    "email": "fabien@symfony.com"
                },
                {
                    "name": "Symfony Community",
                    "homepage": "http://symfony.com/contributors"
                }
            ],
            "description": "Symfony EventDispatcher Component",
            "homepage": "http://symfony.com",
            "time": "2013-11-24 20:17:07"
        },
        {
            "name": "symfony/finder",
            "version": "2.1.x-dev",
            "target-dir": "Symfony/Component/Finder",
            "source": {
                "type": "git",
                "url": "https://github.com/symfony/Finder.git",
                "reference": "0dbc61194b58bc513e003789853ddfe0aea8cf33"
            },
            "dist": {
                "type": "zip",
                "url": "https://api.github.com/repos/symfony/Finder/zipball/0dbc61194b58bc513e003789853ddfe0aea8cf33",
                "reference": "0dbc61194b58bc513e003789853ddfe0aea8cf33",
                "shasum": ""
            },
            "require": {
                "php": ">=5.3.3"
            },
            "type": "library",
            "autoload": {
                "psr-0": {
                    "Symfony\\Component\\Finder": ""
                }
            },
            "notification-url": "https://packagist.org/downloads/",
            "license": [
                "MIT"
            ],
            "authors": [
                {
                    "name": "Fabien Potencier",
                    "email": "fabien@symfony.com"
                },
                {
                    "name": "Symfony Community",
                    "homepage": "http://symfony.com/contributors"
                }
            ],
            "description": "Symfony Finder Component",
            "homepage": "http://symfony.com",
            "time": "2013-05-25 15:47:15"
        },
        {
            "name": "symfony/yaml",
            "version": "dev-master",
            "target-dir": "Symfony/Component/Yaml",
            "source": {
                "type": "git",
                "url": "https://github.com/symfony/Yaml.git",
                "reference": "9de619fff37677c6a4d71aba0fc8ede5c5186c9a"
            },
            "dist": {
                "type": "zip",
                "url": "https://api.github.com/repos/symfony/Yaml/zipball/9de619fff37677c6a4d71aba0fc8ede5c5186c9a",
                "reference": "9de619fff37677c6a4d71aba0fc8ede5c5186c9a",
                "shasum": ""
            },
            "require": {
                "php": ">=5.3.3"
            },
            "type": "library",
            "extra": {
                "branch-alias": {
                    "dev-master": "2.5-dev"
                }
            },
            "autoload": {
                "psr-0": {
                    "Symfony\\Component\\Yaml\\": ""
                }
            },
            "notification-url": "https://packagist.org/downloads/",
            "license": [
                "MIT"
            ],
            "authors": [
                {
                    "name": "Fabien Potencier",
                    "email": "fabien@symfony.com"
                },
                {
                    "name": "Symfony Community",
                    "homepage": "http://symfony.com/contributors"
                }
            ],
            "description": "Symfony Yaml Component",
            "homepage": "http://symfony.com",
            "time": "2013-11-24 20:17:07"
        }
    ],
    "packages-dev": [

    ],
    "aliases": [

    ],
    "minimum-stability": "dev",
    "stability-flags": {
        "crodas/activemongo2": 20,
        "crodas/sitemap-generator": 20
    },
    "platform": [

    ],
    "platform-dev": [

    ]
}
