{
    "_readme": [
        "This file locks the dependencies of your project to a known state",
        "Read more about it at http://getcomposer.org/doc/01-basic-usage.md#composer-lock-the-lock-file"
    ],
    "hash": "55fa230646a562d0b8ab35d3fc575568",
    "packages": [
        {
            "name": "crodas/activemongo2",
            "version": "dev-develop",
            "source": {
                "type": "git",
                "url": "https://github.com/crodas/ActiveMongo2.git",
                "reference": "fd74b0c3627e18fc8d9ddde289fcb111d6fbec99"
            },
            "dist": {
                "type": "zip",
                "url": "https://api.github.com/repos/crodas/ActiveMongo2/zipball/fd74b0c3627e18fc8d9ddde289fcb111d6fbec99",
                "reference": "fd74b0c3627e18fc8d9ddde289fcb111d6fbec99",
                "shasum": ""
            },
            "require": {
                "crodas/cli": "~0.1",
                "crodas/notoj": "~0.1",
                "crodas/path": "~0.1",
                "crodas/simple-view-engine": "~0.1",
                "crodas/watch-files": "~0.1"
            },
            "type": "library",
            "autoload": {
                "psr-0": {
                    "ActiveMongo2": "lib/"
                }
            },
            "notification-url": "https://packagist.org/downloads/",
            "license": [
                "BSD-4-Clause"
            ],
            "authors": [
                {
                    "name": "César D. Rodas",
                    "email": "crodas@php.net"
                }
            ],
            "description": "Mongo abstraction",
            "time": "2013-11-23 06:24:05"
        },
        {
            "name": "crodas/artifex",
            "version": "0.5.6",
            "source": {
                "type": "git",
                "url": "https://github.com/crodas/Artifex.git",
                "reference": "5990f8327f3825ff08d0bc305eadd4bb97c42cab"
            },
            "dist": {
                "type": "zip",
                "url": "https://api.github.com/repos/crodas/Artifex/zipball/5990f8327f3825ff08d0bc305eadd4bb97c42cab",
                "reference": "5990f8327f3825ff08d0bc305eadd4bb97c42cab",
                "shasum": ""
            },
            "require": {
                "php": ">=5.3.0"
            },
            "type": "library",
            "autoload": {
                "psr-0": {
                    "Artifex": "lib/"
                },
                "classmap": [
                    "lib/Artifex.php"
                ]
            },
            "notification-url": "https://packagist.org/downloads/",
            "authors": [
                {
                    "name": "César D. Rodas",
                    "email": "crodas@php.net"
                }
            ],
            "description": "Macros on steroids. The easiest way of generating code.",
            "time": "2013-10-28 01:17:54"
        },
        {
            "name": "crodas/autoloader",
            "version": "v0.1.6",
            "source": {
                "type": "git",
                "url": "https://github.com/crodas/Autoloader.git",
                "reference": "5c915ca3a1668c32f5393f95d04174d3b36bde38"
            },
            "dist": {
                "type": "zip",
                "url": "https://api.github.com/repos/crodas/Autoloader/zipball/5c915ca3a1668c32f5393f95d04174d3b36bde38",
                "reference": "5c915ca3a1668c32f5393f95d04174d3b36bde38",
                "shasum": ""
            },
            "require": {
                "crodas/artifex": "~0.1",
                "crodas/class-info": "~0.1",
                "crodas/path": "~0.1",
                "php": ">=5.3.0",
                "symfony/console": "2.1.*",
                "symfony/finder": "2.1.*"
            },
            "type": "library",
            "autoload": {
                "psr-0": {
                    "Autoloader": "lib/"
                }
            },
            "notification-url": "https://packagist.org/downloads/",
            "license": [
                "BSD-4-Clause"
            ],
            "authors": [
                {
                    "name": "César D. Rodas",
                    "email": "crodas@php.net"
                }
            ],
            "description": "Best autoloader from out there",
            "time": "2013-11-02 06:24:07"
        },
        {
            "name": "crodas/class-info",
            "version": "v0.1.6",
            "source": {
                "type": "git",
                "url": "https://github.com/crodas/ClassInfo.git",
                "reference": "1c1e9c5f2fda39dca06009991f1d995d7a069275"
            },
            "dist": {
                "type": "zip",
                "url": "https://api.github.com/repos/crodas/ClassInfo/zipball/1c1e9c5f2fda39dca06009991f1d995d7a069275",
                "reference": "1c1e9c5f2fda39dca06009991f1d995d7a069275",
                "shasum": ""
            },
            "type": "library",
            "autoload": {
                "psr-0": {
                    "crodas": "lib/"
                }
            },
            "notification-url": "https://packagist.org/downloads/",
            "license": [
                "BSD-4-Clause"
            ],
            "authors": [
                {
                    "name": "César D. Rodas",
                    "email": "crodas@php.net"
                }
            ],
            "description": "Get classes and functions defined in a given file",
            "time": "2013-11-15 09:33:07"
        },
        {
            "name": "crodas/cli",
            "version": "v0.1.0",
            "source": {
                "type": "git",
                "url": "https://github.com/crodas/cli.git",
                "reference": "e1b426e280b94c82664cc5d1e97491b8ba2be926"
            },
            "dist": {
                "type": "zip",
                "url": "https://api.github.com/repos/crodas/cli/zipball/e1b426e280b94c82664cc5d1e97491b8ba2be926",
                "reference": "e1b426e280b94c82664cc5d1e97491b8ba2be926",
                "shasum": ""
            },
            "require": {
                "crodas/notoj": "*",
                "symfony/console": "*"
            },
            "type": "library",
            "autoload": {
                "psr-0": {
                    "crodas": "lib/"
                }
            },
            "notification-url": "https://packagist.org/downloads/",
            "license": [
                "BSD-4-Clause"
            ],
            "authors": [
                {
                    "name": "César D. Rodas",
                    "email": "crodas@php.net"
                }
            ],
            "description": "Simple and silly abstraction on top of symfony/console",
            "time": "2013-11-16 03:53:28"
        },
        {
            "name": "crodas/dispatcher",
            "version": "v0.1.12",
            "source": {
                "type": "git",
                "url": "https://github.com/crodas/Dispatcher.git",
                "reference": "bc07f4c82cccecdee1047fc4275827469af4667c"
            },
            "dist": {
                "type": "zip",
                "url": "https://api.github.com/repos/crodas/Dispatcher/zipball/bc07f4c82cccecdee1047fc4275827469af4667c",
                "reference": "bc07f4c82cccecdee1047fc4275827469af4667c",
                "shasum": ""
            },
            "require": {
                "crodas/artifex": "~0.1",
                "crodas/notoj": "~0.1",
                "crodas/path": "~0.1",
                "crodas/simple-view-engine": "~0.1",
                "crodas/watch-files": "~0.1",
                "symfony/console": "*"
            },
            "type": "library",
            "autoload": {
                "psr-0": {
                    "Dispatcher": "lib/"
                }
            },
            "notification-url": "https://packagist.org/downloads/",
            "license": [
                "BSD-4-Clause"
            ],
            "authors": [
                {
                    "name": "César D. Rodas",
                    "email": "crodas@php.net"
                }
            ],
            "description": "Dispatcher generator",
            "time": "2013-11-02 07:13:49"
        },
        {
            "name": "crodas/languagedetector",
            "version": "v0.1.1",
            "source": {
                "type": "git",
                "url": "https://github.com/crodas/LanguageDetector.git",
                "reference": "07aa8bb806cb71fe4e4352c12232a5c74bf416ed"
            },
            "dist": {
                "type": "zip",
                "url": "https://api.github.com/repos/crodas/LanguageDetector/zipball/07aa8bb806cb71fe4e4352c12232a5c74bf416ed",
                "reference": "07aa8bb806cb71fe4e4352c12232a5c74bf416ed",
                "shasum": ""
            },
            "require-dev": {
                "crodas/autoloader": "~0.1"
            },
            "type": "library",
            "autoload": {
                "psr-0": {
                    "LanguageDetector": "lib/"
                }
            },
            "notification-url": "https://packagist.org/downloads/",
            "license": [
                "BSD-4-Clause"
            ],
            "authors": [
                {
                    "name": "César D. Rodas",
                    "email": "crodas@php.net"
                }
            ],
            "description": "simple library to classify texts",
            "time": "2013-11-06 01:26:03"
        },
        {
            "name": "crodas/notoj",
            "version": "v0.1.9",
            "source": {
                "type": "git",
                "url": "https://github.com/crodas/Notoj.git",
                "reference": "144af70634b99bf869831094b37a54e7ab1bf9bc"
            },
            "dist": {
                "type": "zip",
                "url": "https://api.github.com/repos/crodas/Notoj/zipball/144af70634b99bf869831094b37a54e7ab1bf9bc",
                "reference": "144af70634b99bf869831094b37a54e7ab1bf9bc",
                "shasum": ""
            },
            "require": {
                "crodas/class-info": "~0.1",
                "php": ">=5.3.0"
            },
            "type": "library",
            "autoload": {
                "psr-0": {
                    "Notoj": "lib/"
                }
            },
            "notification-url": "https://packagist.org/downloads/",
            "license": [
                "BSD-4-Clause"
            ],
            "authors": [
                {
                    "name": "César D. Rodas",
                    "email": "crodas@php.net"
                }
            ],
            "description": "Annotation parser. Uses reflection and provides cache out of the box.",
            "time": "2013-11-15 18:49:28"
        },
        {
            "name": "crodas/path",
            "version": "v0.1.5",
            "source": {
                "type": "git",
                "url": "https://github.com/crodas/Path.git",
                "reference": "15ef24c4b2b81d8e5148406012af0a633126b3d5"
            },
            "dist": {
                "type": "zip",
                "url": "https://api.github.com/repos/crodas/Path/zipball/15ef24c4b2b81d8e5148406012af0a633126b3d5",
                "reference": "15ef24c4b2b81d8e5148406012af0a633126b3d5",
                "shasum": ""
            },
            "type": "library",
            "autoload": {
                "psr-0": {
                    "crodas": "lib/"
                }
            },
            "notification-url": "https://packagist.org/downloads/",
            "license": [
                "BSD-4-Clause"
            ],
            "authors": [
                {
                    "name": "César D. Rodas",
                    "email": "crodas@php.net"
                }
            ],
            "description": "Library to manipulate paths",
            "time": "2013-10-23 16:48:11"
        },
        {
            "name": "crodas/service-provider",
            "version": "v0.1.7",
            "source": {
                "type": "git",
                "url": "https://github.com/crodas/ServiceProvider.git",
                "reference": "80b9560aeace3b78923e64b65ed263e7e4b2dc77"
            },
            "dist": {
                "type": "zip",
                "url": "https://api.github.com/repos/crodas/ServiceProvider/zipball/80b9560aeace3b78923e64b65ed263e7e4b2dc77",
                "reference": "80b9560aeace3b78923e64b65ed263e7e4b2dc77",
                "shasum": ""
            },
            "require": {
                "crodas/artifex": "~0.1",
                "crodas/notoj": "~0.1",
                "crodas/path": "~0.1",
                "crodas/watch-files": "~0.1",
                "seld/jsonlint": "*",
                "symfony/yaml": "*"
            },
            "type": "library",
            "autoload": {
                "psr-0": {
                    "ServiceProvider": "lib/"
                }
            },
            "notification-url": "https://packagist.org/downloads/",
            "license": [
                "BSD-4-Clause"
            ],
            "authors": [
                {
                    "name": "César D. Rodas",
                    "email": "crodas@php.net"
                }
            ],
            "description": "Little configuration manager and dependency injection",
            "time": "2013-11-02 05:42:10"
        },
        {
            "name": "crodas/simple-view-engine",
            "version": "v0.1.11",
            "source": {
                "type": "git",
                "url": "https://github.com/crodas/SimpleView.git",
                "reference": "c68dcccc2e39039b202fe1a8c3c996ee2844391e"
            },
            "dist": {
                "type": "zip",
                "url": "https://api.github.com/repos/crodas/SimpleView/zipball/c68dcccc2e39039b202fe1a8c3c996ee2844391e",
                "reference": "c68dcccc2e39039b202fe1a8c3c996ee2844391e",
                "shasum": ""
            },
            "require": {
                "crodas/watch-files": "*",
                "symfony/console": "*",
                "symfony/finder": "*"
            },
            "type": "library",
            "autoload": {
                "classmap": [
                    "lib/"
                ]
            },
            "notification-url": "https://packagist.org/downloads/",
            "license": [
                "BSD-4-Clause"
            ],
            "authors": [
                {
                    "name": "César D. Rodas",
                    "email": "crodas@php.net"
                }
            ],
            "description": "Simple View engine designed to generate code. Based on Laravel's 4 Blade.",
            "time": "2013-11-01 05:18:28"
        },
        {
            "name": "crodas/text-rank",
            "version": "dev-master",
            "source": {
                "type": "git",
                "url": "https://github.com/crodas/TextRank.git",
                "reference": "e56cb749db7fb80c918653a1c55826970998f1b4"
            },
            "dist": {
                "type": "zip",
                "url": "https://api.github.com/repos/crodas/TextRank/zipball/e56cb749db7fb80c918653a1c55826970998f1b4",
                "reference": "e56cb749db7fb80c918653a1c55826970998f1b4",
                "shasum": ""
            },
            "require": {
                "crodas/languagedetector": "~0.1",
                "ext-mbstring": "*"
            },
            "suggest": {
                "ext-stem": "Improves keywords selection"
            },
            "type": "library",
            "autoload": {
                "classmap": [
                    "lib/"
                ]
            },
            "notification-url": "https://packagist.org/downloads/",
            "authors": [
                {
                    "name": "César D. Rodas",
                    "email": "crodas@php.net"
                }
            ],
            "description": "Extract relevant keywords from a given text",
            "time": "2013-11-16 09:04:33"
        },
        {
            "name": "crodas/tiny-form",
            "version": "dev-master",
            "source": {
                "type": "git",
                "url": "https://github.com/crodas/TinyForm.git",
                "reference": "b3ac3b5e3a8da0680fafa6c6e02b6b830c3101fb"
            },
            "dist": {
                "type": "zip",
                "url": "https://api.github.com/repos/crodas/TinyForm/zipball/b3ac3b5e3a8da0680fafa6c6e02b6b830c3101fb",
                "reference": "b3ac3b5e3a8da0680fafa6c6e02b6b830c3101fb",
                "shasum": ""
            },
            "require": {
                "crodas/validator": "*"
            },
            "require-dev": {
                "crodas/simple-view-engine": "~0.1"
            },
            "type": "library",
            "autoload": {
                "psr-0": {
                    "crodas": "lib/"
                }
            },
            "notification-url": "https://packagist.org/downloads/",
            "license": [
                "BSD"
            ],
            "authors": [
                {
                    "name": "César D. Rodas",
                    "email": "crodas@php.net"
                }
            ],
            "description": "Tiny library to render forms",
            "time": "2013-11-15 05:58:43"
        },
        {
            "name": "crodas/validator",
            "version": "dev-master",
            "source": {
                "type": "git",
                "url": "https://github.com/crodas/Validator.git",
                "reference": "81a44326ea8710b6357538cd8f6767923c8e3ae0"
            },
            "dist": {
                "type": "zip",
                "url": "https://api.github.com/repos/crodas/Validator/zipball/81a44326ea8710b6357538cd8f6767923c8e3ae0",
                "reference": "81a44326ea8710b6357538cd8f6767923c8e3ae0",
                "shasum": ""
            },
            "require": {
                "crodas/notoj": "~0.1",
                "crodas/path": "*",
                "crodas/simple-view-engine": "*",
                "crodas/watch-files": "*"
            },
            "type": "library",
            "autoload": {
                "psr-0": {
                    "crodas": "lib/"
                }
            },
            "notification-url": "https://packagist.org/downloads/",
            "license": [
                "BSD-4-Clause"
            ],
            "authors": [
                {
                    "name": "César D. Rodas",
                    "email": "crodas@php.net"
                }
            ],
            "description": "Validation library",
            "time": "2013-10-25 02:32:21"
        },
        {
            "name": "crodas/watch-files",
            "version": "v0.1.4",
            "source": {
                "type": "git",
                "url": "https://github.com/crodas/WatchFiles.git",
                "reference": "b045dc0ea74791e815c2f7a0b114474131865892"
            },
            "dist": {
                "type": "zip",
                "url": "https://api.github.com/repos/crodas/WatchFiles/zipball/b045dc0ea74791e815c2f7a0b114474131865892",
                "reference": "b045dc0ea74791e815c2f7a0b114474131865892",
                "shasum": ""
            },
            "require": {
                "crodas/path": "*"
            },
            "type": "library",
            "autoload": {
                "psr-0": {
                    "WatchFiles": "lib/"
                }
            },
            "notification-url": "https://packagist.org/downloads/",
            "license": [
                "BSD-4-Clause"
            ],
            "authors": [
                {
                    "name": "César D. Rodas",
                    "email": "crodas@php.net"
                }
            ],
            "description": "Watch files and directories for changes",
            "time": "2013-11-02 05:36:42"
        },
        {
            "name": "filp/whoops",
            "version": "1.0.9",
            "source": {
                "type": "git",
                "url": "https://github.com/filp/whoops.git",
                "reference": "6de5a6fbb675c091ee4ee40fd01b2e3df4f200af"
            },
            "dist": {
                "type": "zip",
                "url": "https://api.github.com/repos/filp/whoops/zipball/6de5a6fbb675c091ee4ee40fd01b2e3df4f200af",
                "reference": "6de5a6fbb675c091ee4ee40fd01b2e3df4f200af",
                "shasum": ""
            },
            "require": {
                "php": ">=5.3.0"
            },
            "require-dev": {
                "mockery/mockery": "dev-master",
                "silex/silex": "1.0.*@dev"
            },
            "type": "library",
            "autoload": {
                "psr-0": {
                    "Whoops": "src/"
                }
            },
            "notification-url": "https://packagist.org/downloads/",
            "license": [
                "MIT"
            ],
            "authors": [
                {
                    "name": "Filipe Dobreira",
                    "homepage": "https://github.com/filp",
                    "role": "Developer"
                }
            ],
            "description": "php error handling for cool kids",
            "homepage": "https://github.com/filp/whoops",
            "keywords": [
                "error",
                "exception",
                "handling",
                "library",
                "silex-provider",
                "whoops",
                "zf2"
            ],
            "time": "2013-10-28 22:06:33"
        },
        {
            "name": "google/api-client",
            "version": "dev-master",
            "source": {
                "type": "git",
                "url": "https://github.com/Block8/Google-API.git",
                "reference": "27b0dd6c10e00bbb66f1e57101cc185d3b2bef73"
            },
            "dist": {
                "type": "zip",
                "url": "https://api.github.com/repos/Block8/Google-API/zipball/27b0dd6c10e00bbb66f1e57101cc185d3b2bef73",
                "reference": "27b0dd6c10e00bbb66f1e57101cc185d3b2bef73",
                "shasum": ""
            },
            "require": {
                "php": ">=5.3.0"
            },
            "type": "library",
            "autoload": {
                "classmap": [
                    "src/"
                ]
            },
            "notification-url": "https://packagist.org/downloads/",
            "license": [
                "Apache-2.0"
            ],
            "authors": [
                {
                    "name": "Dan Cryer",
                    "email": "dan@block8.co.uk",
                    "homepage": "http://www.block8.co.uk/"
                },
                {
                    "name": "Google",
                    "email": "noreply@google.com",
                    "homepage": "http://www.google.com/"
                }
            ],
            "description": "PHP Client for Google APIs",
            "homepage": "https://github.com/block8/google-api",
            "keywords": [
                "adsense",
                "adwords",
                "analytics",
                "api",
                "chrome",
                "client",
                "compute",
                "drive",
                "google",
                "php",
                "plus",
                "search",
                "youtube"
            ],
            "time": "2013-06-08 08:53:50"
        },
        {
            "name": "neitanod/forceutf8",
            "version": "dev-master",
            "source": {
                "type": "git",
                "url": "https://github.com/neitanod/forceutf8.git",
                "reference": "546fe2b8dfd280764a4d7906c9a9b1dc955eb876"
            },
            "dist": {
                "type": "zip",
                "url": "https://api.github.com/repos/neitanod/forceutf8/zipball/546fe2b8dfd280764a4d7906c9a9b1dc955eb876",
                "reference": "546fe2b8dfd280764a4d7906c9a9b1dc955eb876",
                "shasum": ""
            },
            "require": {
                "php": ">=5.2.0"
            },
            "type": "library",
            "autoload": {
                "psr-0": {
                    "ForceUTF8\\": "src/"
                }
            },
            "notification-url": "https://packagist.org/downloads/",
            "description": "PHP Class Encoding featuring popular Encoding::toUTF8() function --formerly known as forceUTF8()-- that fixes mixed encoded strings.",
            "homepage": "https://github.com/neitanod/forceutf8",
            "time": "2013-03-10 08:51:59"
        },
        {
            "name": "seld/jsonlint",
            "version": "dev-master",
            "source": {
                "type": "git",
                "url": "https://github.com/Seldaek/jsonlint.git",
                "reference": "354f9496736f87a581e5f724e5e76e66d457493e"
            },
            "dist": {
                "type": "zip",
                "url": "https://api.github.com/repos/Seldaek/jsonlint/zipball/354f9496736f87a581e5f724e5e76e66d457493e",
                "reference": "354f9496736f87a581e5f724e5e76e66d457493e",
                "shasum": ""
            },
            "require": {
                "php": ">=5.3.0"
            },
            "bin": [
                "bin/jsonlint"
            ],
            "type": "library",
            "autoload": {
                "psr-0": {
                    "Seld\\JsonLint": "src/"
                }
            },
            "notification-url": "https://packagist.org/downloads/",
            "license": [
                "MIT"
            ],
            "authors": [
                {
                    "name": "Jordi Boggiano",
                    "email": "j.boggiano@seld.be",
                    "homepage": "http://seld.be",
                    "role": "Developer"
                }
            ],
            "description": "JSON Linter",
            "keywords": [
                "json",
                "linter",
                "parser",
                "validator"
            ],
            "time": "2013-11-11 13:15:48"
        },
        {
            "name": "symfony/console",
            "version": "2.1.x-dev",
            "target-dir": "Symfony/Component/Console",
            "source": {
                "type": "git",
                "url": "https://github.com/symfony/Console.git",
                "reference": "a5e96b2363aca8a5400fec3bbcb3201a4b0513fb"
            },
            "dist": {
                "type": "zip",
                "url": "https://api.github.com/repos/symfony/Console/zipball/a5e96b2363aca8a5400fec3bbcb3201a4b0513fb",
                "reference": "a5e96b2363aca8a5400fec3bbcb3201a4b0513fb",
                "shasum": ""
            },
            "require": {
                "php": ">=5.3.3"
            },
            "type": "library",
            "autoload": {
                "psr-0": {
                    "Symfony\\Component\\Console": ""
                }
            },
            "notification-url": "https://packagist.org/downloads/",
            "license": [
                "MIT"
            ],
            "authors": [
                {
                    "name": "Fabien Potencier",
                    "email": "fabien@symfony.com"
                },
                {
                    "name": "Symfony Community",
                    "homepage": "http://symfony.com/contributors"
                }
            ],
            "description": "Symfony Console Component",
            "homepage": "http://symfony.com",
            "time": "2013-06-11 07:34:22"
        },
        {
            "name": "symfony/finder",
            "version": "2.1.x-dev",
            "target-dir": "Symfony/Component/Finder",
            "source": {
                "type": "git",
                "url": "https://github.com/symfony/Finder.git",
                "reference": "0dbc61194b58bc513e003789853ddfe0aea8cf33"
            },
            "dist": {
                "type": "zip",
                "url": "https://api.github.com/repos/symfony/Finder/zipball/0dbc61194b58bc513e003789853ddfe0aea8cf33",
                "reference": "0dbc61194b58bc513e003789853ddfe0aea8cf33",
                "shasum": ""
            },
            "require": {
                "php": ">=5.3.3"
            },
            "type": "library",
            "autoload": {
                "psr-0": {
                    "Symfony\\Component\\Finder": ""
                }
            },
            "notification-url": "https://packagist.org/downloads/",
            "license": [
                "MIT"
            ],
            "authors": [
                {
                    "name": "Fabien Potencier",
                    "email": "fabien@symfony.com"
                },
                {
                    "name": "Symfony Community",
                    "homepage": "http://symfony.com/contributors"
                }
            ],
            "description": "Symfony Finder Component",
            "homepage": "http://symfony.com",
            "time": "2013-05-25 15:47:15"
        },
        {
            "name": "symfony/yaml",
            "version": "dev-master",
            "target-dir": "Symfony/Component/Yaml",
            "source": {
                "type": "git",
                "url": "https://github.com/symfony/Yaml.git",
                "reference": "1f7cabb841e62ec49615bd965ac780fd994b3f64"
            },
            "dist": {
                "type": "zip",
                "url": "https://api.github.com/repos/symfony/Yaml/zipball/1f7cabb841e62ec49615bd965ac780fd994b3f64",
                "reference": "1f7cabb841e62ec49615bd965ac780fd994b3f64",
                "shasum": ""
            },
            "require": {
                "php": ">=5.3.3"
            },
            "type": "library",
            "extra": {
                "branch-alias": {
                    "dev-master": "2.4-dev"
                }
            },
            "autoload": {
                "psr-0": {
                    "Symfony\\Component\\Yaml\\": ""
                }
            },
            "notification-url": "https://packagist.org/downloads/",
            "license": [
                "MIT"
            ],
            "authors": [
                {
                    "name": "Fabien Potencier",
                    "email": "fabien@symfony.com"
                },
                {
                    "name": "Symfony Community",
                    "homepage": "http://symfony.com/contributors"
                }
            ],
            "description": "Symfony Yaml Component",
            "homepage": "http://symfony.com",
            "time": "2013-10-17 11:48:11"
        },
        {
            "name": "zendframework/zend-escaper",
            "version": "dev-master",
            "target-dir": "Zend/Escaper",
            "source": {
                "type": "git",
                "url": "https://github.com/zendframework/Component_ZendEscaper.git",
                "reference": "5db67b32359d86326077209f1fefbbf1183911e8"
            },
            "dist": {
                "type": "zip",
                "url": "https://api.github.com/repos/zendframework/Component_ZendEscaper/zipball/5db67b32359d86326077209f1fefbbf1183911e8",
                "reference": "5db67b32359d86326077209f1fefbbf1183911e8",
                "shasum": ""
            },
            "require": {
                "php": ">=5.3.3"
            },
            "type": "library",
            "extra": {
                "branch-alias": {
                    "dev-master": "2.2-dev",
                    "dev-develop": "2.3-dev"
                }
            },
            "autoload": {
                "psr-0": {
                    "Zend\\Escaper\\": ""
                }
            },
            "notification-url": "https://packagist.org/downloads/",
            "license": [
                "BSD-3-Clause"
            ],
            "keywords": [
                "escaper",
                "zf2"
            ],
            "time": "2013-05-01 21:53:03"
        },
        {
            "name": "zendframework/zend-http",
            "version": "dev-master",
            "target-dir": "Zend/Http",
            "source": {
                "type": "git",
                "url": "https://github.com/zendframework/Component_ZendHttp.git",
                "reference": "c2854a2b1809fd9691b82250495f4480b3ecc778"
            },
            "dist": {
                "type": "zip",
                "url": "https://api.github.com/repos/zendframework/Component_ZendHttp/zipball/c2854a2b1809fd9691b82250495f4480b3ecc778",
                "reference": "c2854a2b1809fd9691b82250495f4480b3ecc778",
                "shasum": ""
            },
            "require": {
                "php": ">=5.3.3",
                "zendframework/zend-loader": "self.version",
                "zendframework/zend-stdlib": "self.version",
                "zendframework/zend-uri": "self.version",
                "zendframework/zend-validator": "self.version"
            },
            "type": "library",
            "extra": {
                "branch-alias": {
                    "dev-master": "2.2-dev",
                    "dev-develop": "2.3-dev"
                }
            },
            "autoload": {
                "psr-0": {
                    "Zend\\Http\\": ""
                }
            },
            "notification-url": "https://packagist.org/downloads/",
            "license": [
                "BSD-3-Clause"
            ],
            "description": "provides an easy interface for performing Hyper-Text Transfer Protocol (HTTP) requests",
            "keywords": [
                "http",
                "zf2"
            ],
            "time": "2013-11-18 16:00:12"
        },
        {
            "name": "zendframework/zend-loader",
            "version": "dev-master",
            "target-dir": "Zend/Loader",
            "source": {
                "type": "git",
                "url": "https://github.com/zendframework/Component_ZendLoader.git",
                "reference": "bf566b25a6f828128bdd8c7794455d8e36874aac"
            },
            "dist": {
                "type": "zip",
                "url": "https://api.github.com/repos/zendframework/Component_ZendLoader/zipball/bf566b25a6f828128bdd8c7794455d8e36874aac",
                "reference": "bf566b25a6f828128bdd8c7794455d8e36874aac",
                "shasum": ""
            },
            "require": {
                "php": ">=5.3.3"
            },
            "type": "library",
            "extra": {
                "branch-alias": {
                    "dev-master": "2.2-dev",
                    "dev-develop": "2.3-dev"
                }
            },
            "autoload": {
                "psr-0": {
                    "Zend\\Loader\\": ""
                }
            },
            "notification-url": "https://packagist.org/downloads/",
            "license": [
                "BSD-3-Clause"
            ],
            "keywords": [
                "loader",
                "zf2"
            ],
            "time": "2013-11-11 16:00:04"
        },
        {
            "name": "zendframework/zend-stdlib",
            "version": "dev-master",
            "target-dir": "Zend/Stdlib",
            "source": {
                "type": "git",
                "url": "https://github.com/zendframework/Component_ZendStdlib.git",
                "reference": "87cf3119fa0e9e2c7f4c01b0b3d092f629c4c874"
            },
            "dist": {
                "type": "zip",
                "url": "https://api.github.com/repos/zendframework/Component_ZendStdlib/zipball/87cf3119fa0e9e2c7f4c01b0b3d092f629c4c874",
                "reference": "87cf3119fa0e9e2c7f4c01b0b3d092f629c4c874",
                "shasum": ""
            },
            "require": {
                "php": ">=5.3.3"
            },
            "suggest": {
                "zendframework/zend-eventmanager": "To support aggregate hydrator usage",
                "zendframework/zend-servicemanager": "To support hydrator plugin manager usage"
            },
            "type": "library",
            "extra": {
                "branch-alias": {
                    "dev-master": "2.2-dev",
                    "dev-develop": "2.3-dev"
                }
            },
            "autoload": {
                "psr-0": {
                    "Zend\\Stdlib\\": ""
                }
            },
            "notification-url": "https://packagist.org/downloads/",
            "license": [
                "BSD-3-Clause"
            ],
            "keywords": [
                "stdlib",
                "zf2"
            ],
            "time": "2013-11-18 16:00:16"
        },
        {
            "name": "zendframework/zend-uri",
            "version": "dev-master",
            "target-dir": "Zend/Uri",
            "source": {
                "type": "git",
                "url": "https://github.com/zendframework/Component_ZendUri.git",
                "reference": "e2a4b038a0939d46e53bfa40cfc9f1791533ae84"
            },
            "dist": {
                "type": "zip",
                "url": "https://api.github.com/repos/zendframework/Component_ZendUri/zipball/e2a4b038a0939d46e53bfa40cfc9f1791533ae84",
                "reference": "e2a4b038a0939d46e53bfa40cfc9f1791533ae84",
                "shasum": ""
            },
            "require": {
                "php": ">=5.3.3",
                "zendframework/zend-escaper": "self.version",
                "zendframework/zend-validator": "self.version"
            },
            "type": "library",
            "extra": {
                "branch-alias": {
                    "dev-master": "2.2-dev",
                    "dev-develop": "2.3-dev"
                }
            },
            "autoload": {
                "psr-0": {
                    "Zend\\Uri\\": ""
                }
            },
            "notification-url": "https://packagist.org/downloads/",
            "license": [
                "BSD-3-Clause"
            ],
            "description": "a component that aids in manipulating and validating » Uniform Resource Identifiers (URIs)",
            "keywords": [
                "uri",
                "zf2"
            ],
            "time": "2013-06-12 19:46:02"
        },
        {
            "name": "zendframework/zend-validator",
            "version": "dev-master",
            "target-dir": "Zend/Validator",
            "source": {
                "type": "git",
                "url": "https://github.com/zendframework/Component_ZendValidator.git",
                "reference": "8c23193a617a03dd7ee6c25049132c942f31ec28"
            },
            "dist": {
                "type": "zip",
                "url": "https://api.github.com/repos/zendframework/Component_ZendValidator/zipball/8c23193a617a03dd7ee6c25049132c942f31ec28",
                "reference": "8c23193a617a03dd7ee6c25049132c942f31ec28",
                "shasum": ""
            },
            "require": {
                "php": ">=5.3.3",
                "zendframework/zend-stdlib": "self.version"
            },
            "require-dev": {
                "zendframework/zend-filter": "self.version",
                "zendframework/zend-i18n": "self.version",
                "zendframework/zend-math": "self.version",
                "zendframework/zend-servicemanager": "self.version"
            },
            "suggest": {
                "zendframework/zend-db": "Zend\\Db component",
                "zendframework/zend-filter": "Zend\\Filter component, required by the Digits validator",
                "zendframework/zend-i18n": "Zend\\I18n component to allow translation of validation error messages as well as to use the various Date validators",
                "zendframework/zend-math": "Zend\\Math component",
                "zendframework/zend-resources": "Translations of validator messages",
                "zendframework/zend-servicemanager": "Zend\\ServiceManager component to allow using the ValidatorPluginManager and validator chains",
                "zendframework/zend-uri": "Zend\\Uri component, required by the Uri and Sitemap\\Loc validators"
            },
            "type": "library",
            "extra": {
                "branch-alias": {
                    "dev-master": "2.2-dev",
                    "dev-develop": "2.3-dev"
                }
            },
            "autoload": {
                "psr-0": {
                    "Zend\\Validator\\": ""
                }
            },
            "notification-url": "https://packagist.org/downloads/",
            "license": [
                "BSD-3-Clause"
            ],
            "description": "provides a set of commonly needed validators",
            "keywords": [
                "validator",
                "zf2"
            ],
            "time": "2013-10-20 06:00:22"
        }
    ],
    "packages-dev": [

    ],
    "aliases": [

    ],
    "minimum-stability": "dev",
    "stability-flags": {
        "crodas/activemongo2": 20
    },
    "platform": [

    ],
    "platform-dev": [

    ]
}
